
Microsoft Visual Studio Solution File, Format Version 12.00
# Visual Studio Version 17
VisualStudioVersion = 17.12.35707.178
MinimumVisualStudioVersion = 10.0.40219.1
Project("{FAE04EC0-301F-11D3-BF4B-00C04F79EFBC}") = "app1.server", "src\app1.server\app1.server.csproj", "{822FE7CC-EE1A-4D57-B237-E2577E940946}"
EndProject
Project("{54A90642-561A-4BB1-A94E-469ADEE60C69}") = "app1.client", "src\app1.client\app1.client.esproj", "{8038CD7E-89FA-4F43-9704-ED7EAD042C77}"
EndProject
Global
	GlobalSection(SolutionConfigurationPlatforms) = preSolution
		Debug|Any CPU = Debug|Any CPU
		Release|Any CPU = Release|Any CPU
	EndGlobalSection
	GlobalSection(ProjectConfigurationPlatforms) = postSolution
		{822FE7CC-EE1A-4D57-B237-E2577E940946}.Debug|Any CPU.ActiveCfg = Debug|Any CPU
		{822FE7CC-EE1A-4D57-B237-E2577E940946}.Debug|Any CPU.Build.0 = Debug|Any CPU
		{822FE7CC-EE1A-4D57-B237-E2577E940946}.Release|Any CPU.ActiveCfg = Release|Any CPU
		{822FE7CC-EE1A-4D57-B237-E2577E940946}.Release|Any CPU.Build.0 = Release|Any CPU
		{8038CD7E-89FA-4F43-9704-ED7EAD042C77}.Debug|Any CPU.ActiveCfg = Debug|Any CPU
		{8038CD7E-89FA-4F43-9704-ED7EAD042C77}.Release|Any CPU.ActiveCfg = Release|Any CPU
	EndGlobalSection
	GlobalSection(SolutionProperties) = preSolution
		HideSolutionNode = FALSE
	EndGlobalSection
EndGlobal
