
Microsoft Visual Studio Solution File, Format Version 12.00
# Visual Studio Version 17
VisualStudioVersion = 17.12.35707.178
MinimumVisualStudioVersion = 10.0.40219.1
Project("{FAE04EC0-301F-11D3-BF4B-00C04F79EFBC}") = "App1.Server", "src\app1.server\App1.Server.csproj", "{822FE7CC-EE1A-4D57-B237-E2577E940946}"
EndProject
Project("{54A90642-561A-4BB1-A94E-469ADEE60C69}") = "App1.Client", "src\app1.client\App1.Client.esproj", "{8038CD7E-89FA-4F43-9704-ED7EAD042C77}"
EndProject
Project("{2150E333-8FDC-42A3-9474-1A3956D46DE8}") = "scripts", "scripts", "{069FCB1A-8D69-4C1F-A8ED-27F9C8BD5392}"
	ProjectSection(SolutionItems) = preProject
		scripts\Create_LogEvents_Table.sql = scripts\Create_LogEvents_Table.sql
		scripts\EF Commands.txt = scripts\EF Commands.txt
		scripts\RunNodeSvr.bat = scripts\RunNodeSvr.bat
		scripts\Working.sql = scripts\Working.sql
	EndProjectSection
EndProject
Project("{FAE04EC0-301F-11D3-BF4B-00C04F79EFBC}") = "Dyvenix.Logging", "src\Dyvenix.Logging\Dyvenix.Logging.csproj", "{DC1B04BE-CC73-48E8-BBDC-BEF9B605AF22}"
EndProject
Project("{2150E333-8FDC-42A3-9474-1A3956D46DE8}") = "ref", "ref", "{BB28E274-5BC9-4265-B8F0-886091D00A08}"
EndProject
Project("{54A90642-561A-4BB1-A94E-469ADEE60C69}") = "b2c-auth-sample", "src\b2c-auth-sample\b2c-auth-sample.esproj", "{3B42448E-5FE8-41CE-8F63-0B954CE871F6}"
EndProject
Project("{FAE04EC0-301F-11D3-BF4B-00C04F79EFBC}") = "Dyvenix.Auth.Core", "src\Dyvenix.Auth.Core\Dyvenix.Auth.Core.csproj", "{F2FCADA5-A069-493F-991B-5CBB6A58DB04}"
EndProject
Project("{FAE04EC0-301F-11D3-BF4B-00C04F79EFBC}") = "Dyvenix.Core", "src\Dyvenix.Core\Dyvenix.Core.csproj", "{531C104A-5592-43BB-9054-286E4A7C28BA}"
EndProject
Project("{FAE04EC0-301F-11D3-BF4B-00C04F79EFBC}") = "App1.Data", "src\app1.data\App1.Data.csproj", "{C6FE68A7-475D-40D1-9081-87A1AC2D3BC0}"
EndProject
Project("{2150E333-8FDC-42A3-9474-1A3956D46DE8}") = "docs", "docs", "{02EA681E-C7D8-13C7-8484-4AC65E1B71E8}"
	ProjectSection(SolutionItems) = preProject
		docs\Dyvenix Architecture.vsdx = docs\Dyvenix Architecture.vsdx
	EndProjectSection
EndProject
Project("{2150E333-8FDC-42A3-9474-1A3956D46DE8}") = "tests", "tests", "{AAC1C9BB-CA2F-45BA-97B3-A760574F66C6}"
EndProject
Project("{2150E333-8FDC-42A3-9474-1A3956D46DE8}") = "design", "design", "{5A47F451-ED62-46A4-8E42-E4D66C43A675}"
EndProject
Project("{2150E333-8FDC-42A3-9474-1A3956D46DE8}") = "Model", "Model", "{C5900137-2241-49D7-A28C-465257F265A7}"
	ProjectSection(SolutionItems) = preProject
		design\Model\DyvenixModel.gmdl = design\Model\DyvenixModel.gmdl
	EndProjectSection
EndProject
Project("{2150E333-8FDC-42A3-9474-1A3956D46DE8}") = "Templates", "Templates", "{A07FFC57-E651-41EF-AF08-6939A4F9E7E3}"
	ProjectSection(SolutionItems) = preProject
		design\Model\Templates\ApiClientCollExt.tmpl = design\Model\Templates\ApiClientCollExt.tmpl
		design\Model\Templates\ApiClients.tmpl = design\Model\Templates\ApiClients.tmpl
		design\Model\Templates\Controllers.tmpl = design\Model\Templates\Controllers.tmpl
		design\Model\Templates\DbContext.tmpl = design\Model\Templates\DbContext.tmpl
		design\Model\Templates\DTO.tmpl = design\Model\Templates\DTO.tmpl
		design\Model\Templates\Entities.tmpl = design\Model\Templates\Entities.tmpl
		design\Model\Templates\Enums.tmpl = design\Model\Templates\Enums.tmpl
		design\Model\Templates\IntTests_ApiClients_Read.tmpl = design\Model\Templates\IntTests_ApiClients_Read.tmpl
		design\Model\Templates\IntTests_ApiClients_Update.tmpl = design\Model\Templates\IntTests_ApiClients_Update.tmpl
		design\Model\Templates\Query.tmpl = design\Model\Templates\Query.tmpl
		design\Model\Templates\ServiceCollExt.tmpl = design\Model\Templates\ServiceCollExt.tmpl
		design\Model\Templates\Services.tmpl = design\Model\Templates\Services.tmpl
	EndProjectSection
EndProject
Project("{FAE04EC0-301F-11D3-BF4B-00C04F79EFBC}") = "App1.Common", "src\app1.common\App1.Common.csproj", "{18042743-DB56-4917-8396-75906AC7A0AB}"
EndProject
Project("{FAE04EC0-301F-11D3-BF4B-00C04F79EFBC}") = "App1.Server.UnitTests", "tests\App1.Server.UnitTests\App1.Server.UnitTests.csproj", "{8B177353-D4ED-6B09-2A5F-2394209487D9}"
EndProject
Project("{FAE04EC0-301F-11D3-BF4B-00C04F79EFBC}") = "App1.Common.IntTests", "tests\App1.Common.IntTests\App1.Common.IntTests.csproj", "{3700A3C1-6AAF-A4AA-A3BD-3000DB827566}"
EndProject
Project("{FAE04EC0-301F-11D3-BF4B-00C04F79EFBC}") = "App1.Tests.Common", "tests\App1.Tests.Common\App1.Tests.Common.csproj", "{6AFF1FFE-C482-F852-CE54-78B0F0F7ED27}"
EndProject
Global
	GlobalSection(SolutionConfigurationPlatforms) = preSolution
		Debug|Any CPU = Debug|Any CPU
		Release|Any CPU = Release|Any CPU
	EndGlobalSection
	GlobalSection(ProjectConfigurationPlatforms) = postSolution
		{822FE7CC-EE1A-4D57-B237-E2577E940946}.Debug|Any CPU.ActiveCfg = Debug|Any CPU
		{822FE7CC-EE1A-4D57-B237-E2577E940946}.Debug|Any CPU.Build.0 = Debug|Any CPU
		{822FE7CC-EE1A-4D57-B237-E2577E940946}.Release|Any CPU.ActiveCfg = Release|Any CPU
		{822FE7CC-EE1A-4D57-B237-E2577E940946}.Release|Any CPU.Build.0 = Release|Any CPU
		{8038CD7E-89FA-4F43-9704-ED7EAD042C77}.Debug|Any CPU.ActiveCfg = Debug|Any CPU
		{8038CD7E-89FA-4F43-9704-ED7EAD042C77}.Release|Any CPU.ActiveCfg = Release|Any CPU
		{8038CD7E-89FA-4F43-9704-ED7EAD042C77}.Release|Any CPU.Build.0 = Release|Any CPU
		{8038CD7E-89FA-4F43-9704-ED7EAD042C77}.Release|Any CPU.Deploy.0 = Release|Any CPU
		{DC1B04BE-CC73-48E8-BBDC-BEF9B605AF22}.Debug|Any CPU.ActiveCfg = Debug|Any CPU
		{DC1B04BE-CC73-48E8-BBDC-BEF9B605AF22}.Debug|Any CPU.Build.0 = Debug|Any CPU
		{DC1B04BE-CC73-48E8-BBDC-BEF9B605AF22}.Release|Any CPU.ActiveCfg = Release|Any CPU
		{DC1B04BE-CC73-48E8-BBDC-BEF9B605AF22}.Release|Any CPU.Build.0 = Release|Any CPU
		{3B42448E-5FE8-41CE-8F63-0B954CE871F6}.Debug|Any CPU.ActiveCfg = Debug|Any CPU
		{3B42448E-5FE8-41CE-8F63-0B954CE871F6}.Release|Any CPU.ActiveCfg = Release|Any CPU
		{3B42448E-5FE8-41CE-8F63-0B954CE871F6}.Release|Any CPU.Build.0 = Release|Any CPU
		{3B42448E-5FE8-41CE-8F63-0B954CE871F6}.Release|Any CPU.Deploy.0 = Release|Any CPU
		{F2FCADA5-A069-493F-991B-5CBB6A58DB04}.Debug|Any CPU.ActiveCfg = Debug|Any CPU
		{F2FCADA5-A069-493F-991B-5CBB6A58DB04}.Debug|Any CPU.Build.0 = Debug|Any CPU
		{F2FCADA5-A069-493F-991B-5CBB6A58DB04}.Release|Any CPU.ActiveCfg = Release|Any CPU
		{F2FCADA5-A069-493F-991B-5CBB6A58DB04}.Release|Any CPU.Build.0 = Release|Any CPU
		{531C104A-5592-43BB-9054-286E4A7C28BA}.Debug|Any CPU.ActiveCfg = Debug|Any CPU
		{531C104A-5592-43BB-9054-286E4A7C28BA}.Debug|Any CPU.Build.0 = Debug|Any CPU
		{531C104A-5592-43BB-9054-286E4A7C28BA}.Release|Any CPU.ActiveCfg = Release|Any CPU
		{531C104A-5592-43BB-9054-286E4A7C28BA}.Release|Any CPU.Build.0 = Release|Any CPU
		{C6FE68A7-475D-40D1-9081-87A1AC2D3BC0}.Debug|Any CPU.ActiveCfg = Debug|Any CPU
		{C6FE68A7-475D-40D1-9081-87A1AC2D3BC0}.Debug|Any CPU.Build.0 = Debug|Any CPU
		{C6FE68A7-475D-40D1-9081-87A1AC2D3BC0}.Release|Any CPU.ActiveCfg = Release|Any CPU
		{C6FE68A7-475D-40D1-9081-87A1AC2D3BC0}.Release|Any CPU.Build.0 = Release|Any CPU
		{18042743-DB56-4917-8396-75906AC7A0AB}.Debug|Any CPU.ActiveCfg = Debug|Any CPU
		{18042743-DB56-4917-8396-75906AC7A0AB}.Debug|Any CPU.Build.0 = Debug|Any CPU
		{18042743-DB56-4917-8396-75906AC7A0AB}.Release|Any CPU.ActiveCfg = Release|Any CPU
		{18042743-DB56-4917-8396-75906AC7A0AB}.Release|Any CPU.Build.0 = Release|Any CPU
		{8B177353-D4ED-6B09-2A5F-2394209487D9}.Debug|Any CPU.ActiveCfg = Debug|Any CPU
		{8B177353-D4ED-6B09-2A5F-2394209487D9}.Debug|Any CPU.Build.0 = Debug|Any CPU
		{8B177353-D4ED-6B09-2A5F-2394209487D9}.Release|Any CPU.ActiveCfg = Release|Any CPU
		{8B177353-D4ED-6B09-2A5F-2394209487D9}.Release|Any CPU.Build.0 = Release|Any CPU
		{3700A3C1-6AAF-A4AA-A3BD-3000DB827566}.Debug|Any CPU.ActiveCfg = Debug|Any CPU
		{3700A3C1-6AAF-A4AA-A3BD-3000DB827566}.Debug|Any CPU.Build.0 = Debug|Any CPU
		{3700A3C1-6AAF-A4AA-A3BD-3000DB827566}.Release|Any CPU.ActiveCfg = Release|Any CPU
		{3700A3C1-6AAF-A4AA-A3BD-3000DB827566}.Release|Any CPU.Build.0 = Release|Any CPU
		{6AFF1FFE-C482-F852-CE54-78B0F0F7ED27}.Debug|Any CPU.ActiveCfg = Debug|Any CPU
		{6AFF1FFE-C482-F852-CE54-78B0F0F7ED27}.Debug|Any CPU.Build.0 = Debug|Any CPU
		{6AFF1FFE-C482-F852-CE54-78B0F0F7ED27}.Release|Any CPU.ActiveCfg = Release|Any CPU
		{6AFF1FFE-C482-F852-CE54-78B0F0F7ED27}.Release|Any CPU.Build.0 = Release|Any CPU
	EndGlobalSection
	GlobalSection(SolutionProperties) = preSolution
		HideSolutionNode = FALSE
	EndGlobalSection
	GlobalSection(NestedProjects) = preSolution
		{3B42448E-5FE8-41CE-8F63-0B954CE871F6} = {BB28E274-5BC9-4265-B8F0-886091D00A08}
		{C5900137-2241-49D7-A28C-465257F265A7} = {5A47F451-ED62-46A4-8E42-E4D66C43A675}
		{A07FFC57-E651-41EF-AF08-6939A4F9E7E3} = {C5900137-2241-49D7-A28C-465257F265A7}
		{8B177353-D4ED-6B09-2A5F-2394209487D9} = {AAC1C9BB-CA2F-45BA-97B3-A760574F66C6}
		{3700A3C1-6AAF-A4AA-A3BD-3000DB827566} = {AAC1C9BB-CA2F-45BA-97B3-A760574F66C6}
		{6AFF1FFE-C482-F852-CE54-78B0F0F7ED27} = {AAC1C9BB-CA2F-45BA-97B3-A760574F66C6}
	EndGlobalSection
	GlobalSection(ExtensibilityGlobals) = postSolution
		SolutionGuid = {82B4D68F-4052-475A-B3AA-D6AECD147F3F}
	EndGlobalSection
EndGlobal
